
Microsoft Visual Studio Solution File, Format Version 12.00
# Visual Studio Version 16
VisualStudioVersion = 16.0.31729.503
MinimumVisualStudioVersion = 10.0.40219.1
Project("{FAE04EC0-301F-11D3-BF4B-00C04F79EFBC}") = "JoKenPo", "JoKenPo\JoKenPo.csproj", "{5B9CD19E-F2D0-4093-9F83-FFE0392EA62E}"
EndProject
Global
	GlobalSection(SolutionConfigurationPlatforms) = preSolution
		Debug|Any CPU = Debug|Any CPU
		Release|Any CPU = Release|Any CPU
	EndGlobalSection
	GlobalSection(ProjectConfigurationPlatforms) = postSolution
		{5B9CD19E-F2D0-4093-9F83-FFE0392EA62E}.Debug|Any CPU.ActiveCfg = Debug|Any CPU
		{5B9CD19E-F2D0-4093-9F83-FFE0392EA62E}.Debug|Any CPU.Build.0 = Debug|Any CPU
		{5B9CD19E-F2D0-4093-9F83-FFE0392EA62E}.Release|Any CPU.ActiveCfg = Release|Any CPU
		{5B9CD19E-F2D0-4093-9F83-FFE0392EA62E}.Release|Any CPU.Build.0 = Release|Any CPU
	EndGlobalSection
	GlobalSection(SolutionProperties) = preSolution
		HideSolutionNode = FALSE
	EndGlobalSection
	GlobalSection(ExtensibilityGlobals) = postSolution
		SolutionGuid = {AFBB664B-103B-4304-B196-8BA5EEB04811}
	EndGlobalSection
EndGlobal
